
Microsoft Visual Studio Solution File, Format Version 12.00
# Visual Studio 15
VisualStudioVersion = 15.0.28307.645
MinimumVisualStudioVersion = 10.0.40219.1
Project("{FAE04EC0-301F-11D3-BF4B-00C04F79EFBC}") = "Snake", "testproject\Snake.csproj", "{4F7EE2CD-75A6-4FA7-AF3C-8C84B564E620}"
EndProject
Project("{FAE04EC0-301F-11D3-BF4B-00C04F79EFBC}") = "SnakeTests", "SnakeTests\SnakeTests.csproj", "{451E1533-7592-46EB-B7F5-3E16FA766B63}"
EndProject
Global
	GlobalSection(SolutionConfigurationPlatforms) = preSolution
		Debug|Any CPU = Debug|Any CPU
		Release|Any CPU = Release|Any CPU
	EndGlobalSection
	GlobalSection(ProjectConfigurationPlatforms) = postSolution
		{4F7EE2CD-75A6-4FA7-AF3C-8C84B564E620}.Debug|Any CPU.ActiveCfg = Debug|Any CPU
		{4F7EE2CD-75A6-4FA7-AF3C-8C84B564E620}.Debug|Any CPU.Build.0 = Debug|Any CPU
		{4F7EE2CD-75A6-4FA7-AF3C-8C84B564E620}.Release|Any CPU.ActiveCfg = Release|Any CPU
		{4F7EE2CD-75A6-4FA7-AF3C-8C84B564E620}.Release|Any CPU.Build.0 = Release|Any CPU
		{451E1533-7592-46EB-B7F5-3E16FA766B63}.Debug|Any CPU.ActiveCfg = Debug|Any CPU
		{451E1533-7592-46EB-B7F5-3E16FA766B63}.Debug|Any CPU.Build.0 = Debug|Any CPU
		{451E1533-7592-46EB-B7F5-3E16FA766B63}.Release|Any CPU.ActiveCfg = Release|Any CPU
		{451E1533-7592-46EB-B7F5-3E16FA766B63}.Release|Any CPU.Build.0 = Release|Any CPU
	EndGlobalSection
	GlobalSection(SolutionProperties) = preSolution
		HideSolutionNode = FALSE
	EndGlobalSection
	GlobalSection(ExtensibilityGlobals) = postSolution
		SolutionGuid = {7F4FE7C0-1442-4CDB-8BB7-157E3A944E1C}
	EndGlobalSection
EndGlobal
